
Microsoft Visual Studio Solution File, Format Version 12.00
# Visual Studio Version 17
VisualStudioVersion = 17.8.34309.116
MinimumVisualStudioVersion = 10.0.40219.1
Project("{FAE04EC0-301F-11D3-BF4B-00C04F79EFBC}") = "APIGAMES", "APIGAMES.csproj", "{EB9BCECC-2DD4-4C0A-BC45-608EC4E0933C}"
EndProject
Global
	GlobalSection(SolutionConfigurationPlatforms) = preSolution
		Debug|Any CPU = Debug|Any CPU
		Release|Any CPU = Release|Any CPU
	EndGlobalSection
	GlobalSection(ProjectConfigurationPlatforms) = postSolution
		{EB9BCECC-2DD4-4C0A-BC45-608EC4E0933C}.Debug|Any CPU.ActiveCfg = Debug|Any CPU
		{EB9BCECC-2DD4-4C0A-BC45-608EC4E0933C}.Debug|Any CPU.Build.0 = Debug|Any CPU
		{EB9BCECC-2DD4-4C0A-BC45-608EC4E0933C}.Release|Any CPU.ActiveCfg = Release|Any CPU
		{EB9BCECC-2DD4-4C0A-BC45-608EC4E0933C}.Release|Any CPU.Build.0 = Release|Any CPU
	EndGlobalSection
	GlobalSection(SolutionProperties) = preSolution
		HideSolutionNode = FALSE
	EndGlobalSection
	GlobalSection(ExtensibilityGlobals) = postSolution
		SolutionGuid = {20BE04A2-4112-45B2-8D45-7EAA9185F536}
	EndGlobalSection
EndGlobal
